
Microsoft Visual Studio Solution File, Format Version 12.00
# Visual Studio Version 17
VisualStudioVersion = 17.11.35312.102
MinimumVisualStudioVersion = 10.0.40219.1
Project("{FAE04EC0-301F-11D3-BF4B-00C04F79EFBC}") = "01_MainSubjects", "01_MainSubjects\01_MainSubjects.csproj", "{649686C8-D3C2-4BA2-9824-E28A5B1B701C}"
EndProject
Project("{FAE04EC0-301F-11D3-BF4B-00C04F79EFBC}") = "02_Variables", "02_Variables\02_Variables.csproj", "{BB4E9975-59E2-449B-9FB7-75B7FD702044}"
EndProject
Project("{FAE04EC0-301F-11D3-BF4B-00C04F79EFBC}") = "03_MakingDecision", "03_MakingDecision\03_MakingDecision\03_MakingDecision.csproj", "{1F0DFFC2-F01B-4E67-ABA6-78B07703083A}"
EndProject
Project("{FAE04EC0-301F-11D3-BF4B-00C04F79EFBC}") = "04_Loops", "04_Loops\04_Loops\04_Loops.csproj", "{E2DF4FE8-5054-4FD9-AD69-595B542ED655}"
EndProject
Project("{FAE04EC0-301F-11D3-BF4B-00C04F79EFBC}") = "05_LoopsWithStars", "05_LoopsWithStars\05_LoopsWithStars.csproj", "{B35A3D00-8AC7-4542-B8B3-427A7BA10065}"
EndProject
Project("{FAE04EC0-301F-11D3-BF4B-00C04F79EFBC}") = "06_Arrays", "06_Arrays\06_Arrays.csproj", "{E7218A61-B206-4617-9517-9B4DC3E9DB3B}"
EndProject
Project("{FAE04EC0-301F-11D3-BF4B-00C04F79EFBC}") = "07_ForeachLoop", "07_ForeachLoop\07_ForeachLoop.csproj", "{9B133C02-DFFE-4CBD-A363-AA6B625E67C9}"
EndProject
Project("{FAE04EC0-301F-11D3-BF4B-00C04F79EFBC}") = "08_Methods", "08_Methods\08_Methods.csproj", "{1F58B982-7B19-48CA-85E2-14FF1363E36E}"
EndProject
Global
	GlobalSection(SolutionConfigurationPlatforms) = preSolution
		Debug|Any CPU = Debug|Any CPU
		Release|Any CPU = Release|Any CPU
	EndGlobalSection
	GlobalSection(ProjectConfigurationPlatforms) = postSolution
		{649686C8-D3C2-4BA2-9824-E28A5B1B701C}.Debug|Any CPU.ActiveCfg = Debug|Any CPU
		{649686C8-D3C2-4BA2-9824-E28A5B1B701C}.Debug|Any CPU.Build.0 = Debug|Any CPU
		{649686C8-D3C2-4BA2-9824-E28A5B1B701C}.Release|Any CPU.ActiveCfg = Release|Any CPU
		{649686C8-D3C2-4BA2-9824-E28A5B1B701C}.Release|Any CPU.Build.0 = Release|Any CPU
		{BB4E9975-59E2-449B-9FB7-75B7FD702044}.Debug|Any CPU.ActiveCfg = Debug|Any CPU
		{BB4E9975-59E2-449B-9FB7-75B7FD702044}.Debug|Any CPU.Build.0 = Debug|Any CPU
		{BB4E9975-59E2-449B-9FB7-75B7FD702044}.Release|Any CPU.ActiveCfg = Release|Any CPU
		{BB4E9975-59E2-449B-9FB7-75B7FD702044}.Release|Any CPU.Build.0 = Release|Any CPU
		{1F0DFFC2-F01B-4E67-ABA6-78B07703083A}.Debug|Any CPU.ActiveCfg = Debug|Any CPU
		{1F0DFFC2-F01B-4E67-ABA6-78B07703083A}.Debug|Any CPU.Build.0 = Debug|Any CPU
		{1F0DFFC2-F01B-4E67-ABA6-78B07703083A}.Release|Any CPU.ActiveCfg = Release|Any CPU
		{1F0DFFC2-F01B-4E67-ABA6-78B07703083A}.Release|Any CPU.Build.0 = Release|Any CPU
		{E2DF4FE8-5054-4FD9-AD69-595B542ED655}.Debug|Any CPU.ActiveCfg = Debug|Any CPU
		{E2DF4FE8-5054-4FD9-AD69-595B542ED655}.Debug|Any CPU.Build.0 = Debug|Any CPU
		{E2DF4FE8-5054-4FD9-AD69-595B542ED655}.Release|Any CPU.ActiveCfg = Release|Any CPU
		{E2DF4FE8-5054-4FD9-AD69-595B542ED655}.Release|Any CPU.Build.0 = Release|Any CPU
		{B35A3D00-8AC7-4542-B8B3-427A7BA10065}.Debug|Any CPU.ActiveCfg = Debug|Any CPU
		{B35A3D00-8AC7-4542-B8B3-427A7BA10065}.Debug|Any CPU.Build.0 = Debug|Any CPU
		{B35A3D00-8AC7-4542-B8B3-427A7BA10065}.Release|Any CPU.ActiveCfg = Release|Any CPU
		{B35A3D00-8AC7-4542-B8B3-427A7BA10065}.Release|Any CPU.Build.0 = Release|Any CPU
		{E7218A61-B206-4617-9517-9B4DC3E9DB3B}.Debug|Any CPU.ActiveCfg = Debug|Any CPU
		{E7218A61-B206-4617-9517-9B4DC3E9DB3B}.Debug|Any CPU.Build.0 = Debug|Any CPU
		{E7218A61-B206-4617-9517-9B4DC3E9DB3B}.Release|Any CPU.ActiveCfg = Release|Any CPU
		{E7218A61-B206-4617-9517-9B4DC3E9DB3B}.Release|Any CPU.Build.0 = Release|Any CPU
		{9B133C02-DFFE-4CBD-A363-AA6B625E67C9}.Debug|Any CPU.ActiveCfg = Debug|Any CPU
		{9B133C02-DFFE-4CBD-A363-AA6B625E67C9}.Debug|Any CPU.Build.0 = Debug|Any CPU
		{9B133C02-DFFE-4CBD-A363-AA6B625E67C9}.Release|Any CPU.ActiveCfg = Release|Any CPU
		{9B133C02-DFFE-4CBD-A363-AA6B625E67C9}.Release|Any CPU.Build.0 = Release|Any CPU
		{1F58B982-7B19-48CA-85E2-14FF1363E36E}.Debug|Any CPU.ActiveCfg = Debug|Any CPU
		{1F58B982-7B19-48CA-85E2-14FF1363E36E}.Debug|Any CPU.Build.0 = Debug|Any CPU
		{1F58B982-7B19-48CA-85E2-14FF1363E36E}.Release|Any CPU.ActiveCfg = Release|Any CPU
		{1F58B982-7B19-48CA-85E2-14FF1363E36E}.Release|Any CPU.Build.0 = Release|Any CPU
	EndGlobalSection
	GlobalSection(SolutionProperties) = preSolution
		HideSolutionNode = FALSE
	EndGlobalSection
	GlobalSection(ExtensibilityGlobals) = postSolution
		SolutionGuid = {033C4EEA-C540-4CA6-B893-A10D04386444}
	EndGlobalSection
EndGlobal
